<?xml version="1.0" encoding="utf-8"?>
<Project ToolsVersion="4.0" xmlns="http://schemas.microsoft.com/developer/msbuild/2003">
  <ItemGroup>
    <Filter Include="Source Files">
      <UniqueIdentifier>{4FC737F1-C7A5-4376-A066-2A32D752A2FF}</UniqueIdentifier>
      <Extensions>cpp;c;cc;cxx;c++;cppm;ixx;def;odl;idl;hpj;bat;asm;asmx</Extensions>
    </Filter>
    <Filter Include="Header Files">
      <UniqueIdentifier>{93995380-89BD-4b04-88EB-625FBE52EBFB}</UniqueIdentifier>
      <Extensions>h;hh;hpp;hxx;h++;hm;inl;inc;ipp;xsd</Extensions>
    </Filter>
    <Filter Include="Resource Files">
      <UniqueIdentifier>{67DA6AB6-F800-4c08-8B7A-83BB121AAD01}</UniqueIdentifier>
      <Extensions>rc;ico;cur;bmp;dlg;rc2;rct;bin;rgs;gif;jpg;jpeg;jpe;resx;tiff;tif;png;wav;mfcribbon-ms</Extensions>
    </Filter>
    <Filter Include="Game">
      <UniqueIdentifier>{8a7be920-52b0-4ad7-95d9-44c7dfc3c30d}</UniqueIdentifier>
    </Filter>
    <Filter Include="Hooking">
      <UniqueIdentifier>{fa5fe052-5d5a-4e20-9a37-62f43333eb0f}</UniqueIdentifier>
    </Filter>
    <Filter Include="Factories">
      <UniqueIdentifier>{04846987-2611-4395-bf05-8a5617dd46c7}</UniqueIdentifier>
    </Filter>
    <Filter Include="FactoryBase">
      <UniqueIdentifier>{d01a79c9-6ce8-4237-a704-a5b263270354}</UniqueIdentifier>
    </Filter>
    <Filter Include="Factories\LevelLoader">
      <UniqueIdentifier>{441c93ac-6ee4-43c1-a479-78d5a188ff6d}</UniqueIdentifier>
    </Filter>
    <Filter Include="Factories\GameSkeleton">
      <UniqueIdentifier>{bf951544-82e3-49b7-b94a-e5cc7349a908}</UniqueIdentifier>
    </Filter>
    <Filter Include="Factories\GameFrame">
      <UniqueIdentifier>{103a7f58-20fb-44cf-aa6f-216a36b60938}</UniqueIdentifier>
    </Filter>
    <Filter Include="Render">
      <UniqueIdentifier>{654484a3-bb8d-4f21-8a59-6262c425019d}</UniqueIdentifier>
    </Filter>
    <Filter Include="Render\DirectX">
      <UniqueIdentifier>{841103de-71b7-46fc-914a-1417029cc1bb}</UniqueIdentifier>
    </Filter>
    <Filter Include="Factories\NativeInvoker">
      <UniqueIdentifier>{15c289b7-35e6-42f6-a056-ee18bb39833f}</UniqueIdentifier>
    </Filter>
    <Filter Include="RAGE">
      <UniqueIdentifier>{4376db67-9eb8-48be-ad8d-0b9210bee47e}</UniqueIdentifier>
    </Filter>
    <Filter Include="Scripting">
      <UniqueIdentifier>{b95d054c-d05a-4b92-9580-1ec63becb129}</UniqueIdentifier>
    </Filter>
    <Filter Include="Factories\GameEvents">
      <UniqueIdentifier>{82504497-c14d-46a1-adc9-82c33a7540ed}</UniqueIdentifier>
    </Filter>
    <Filter Include="Factories\CleanWorld">
      <UniqueIdentifier>{9c8dc8a3-d311-4550-8574-d6f68744d9e6}</UniqueIdentifier>
    </Filter>
    <Filter Include="Factories\NetworkForce">
      <UniqueIdentifier>{6bcab976-8cff-4292-9691-f4811e00dbc6}</UniqueIdentifier>
    </Filter>
    <Filter Include="Factories\Pool">
      <UniqueIdentifier>{9cefada0-caa7-44f9-bc62-069878797156}</UniqueIdentifier>
    </Filter>
    <Filter Include="Factories\NetworkPlayerManager">
      <UniqueIdentifier>{5b5fa822-7bfc-4611-91f4-472a73164f6a}</UniqueIdentifier>
    </Filter>
    <Filter Include="Factories\PlayerManager">
      <UniqueIdentifier>{8d998fb2-11f2-4180-b02c-273f80e13415}</UniqueIdentifier>
    </Filter>
    <Filter Include="Factories\CloneObjectManager">
      <UniqueIdentifier>{2e901e7d-ce0d-491c-9106-5f6a045b9e19}</UniqueIdentifier>
    </Filter>
    <Filter Include="Factories\ScrEngine">
      <UniqueIdentifier>{b7fdc1b8-b4c0-4f48-bcd8-0b5076f9a128}</UniqueIdentifier>
    </Filter>
    <Filter Include="NewFilter1">
      <UniqueIdentifier>{9e992197-15d0-48a6-b083-35a947fa41cb}</UniqueIdentifier>
    </Filter>
    <Filter Include="Factories\SyncManager">
      <UniqueIdentifier>{fbaefb41-3c63-48b3-a992-e03a595794ac}</UniqueIdentifier>
    </Filter>
    <Filter Include="Helpers">
      <UniqueIdentifier>{53a91f8e-08b3-4f9b-9d2b-c2432f08125e}</UniqueIdentifier>
    </Filter>
    <Filter Include="Helpers\Nodes">
      <UniqueIdentifier>{ba0eedc2-6614-4c01-bf42-bf36dfef8023}</UniqueIdentifier>
    </Filter>
    <Filter Include="Helpers\datanodes">
      <UniqueIdentifier>{cdaa0666-95d5-4b61-9253-d98928f3ae91}</UniqueIdentifier>
    </Filter>
    <Filter Include="CSocialClub">
      <UniqueIdentifier>{6fa12a92-9f3e-4737-8a4c-f15772ec64db}</UniqueIdentifier>
    </Filter>
  </ItemGroup>
  <ItemGroup>
    <ClInclude Include="framework.h">
      <Filter>Header Files</Filter>
    </ClInclude>
    <ClInclude Include="pch.h">
      <Filter>Header Files</Filter>
    </ClInclude>
    <ClInclude Include="CBootstrap.h">
      <Filter>Game</Filter>
    </ClInclude>
    <ClInclude Include="CVGame.h">
      <Filter>Game</Filter>
    </ClInclude>
    <ClInclude Include="IATHook.h">
      <Filter>Hooking</Filter>
    </ClInclude>
    <ClInclude Include="Hooking.h">
      <Filter>Hooking</Filter>
    </ClInclude>
    <ClInclude Include="Hooking.Invoke.h">
      <Filter>Hooking</Filter>
    </ClInclude>
    <ClInclude Include="Hooking.Patterns.h">
      <Filter>Hooking</Filter>
    </ClInclude>
    <ClInclude Include="CLevelLoader.h">
      <Filter>Factories\LevelLoader</Filter>
    </ClInclude>
    <ClInclude Include="CBaseFactory.h">
      <Filter>FactoryBase</Filter>
    </ClInclude>
    <ClInclude Include="CGameSkeleton.h">
      <Filter>Header Files</Filter>
    </ClInclude>
    <ClInclude Include="CGameFrame.h">
      <Filter>Factories\GameFrame</Filter>
    </ClInclude>
    <ClInclude Include="CRender.h">
      <Filter>Render</Filter>
    </ClInclude>
    <ClInclude Include="d3d11.h">
      <Filter>Render</Filter>
    </ClInclude>
    <ClInclude Include="d3d11hook.h">
      <Filter>Render\DirectX</Filter>
    </ClInclude>
    <ClInclude Include="HookFunction.h">
      <Filter>Hooking</Filter>
    </ClInclude>
    <ClInclude Include="CNativeInvoker.h">
      <Filter>Factories\NativeInvoker</Filter>
    </ClInclude>
    <ClInclude Include="CGtaThread.h">
      <Filter>Header Files</Filter>
    </ClInclude>
    <ClInclude Include="nativeList.h">
      <Filter>Factories\NativeInvoker</Filter>
    </ClInclude>
    <ClInclude Include="XBRVirtual.h">
      <Filter>Header Files</Filter>
    </ClInclude>
    <ClInclude Include="CCrossmap.h">
      <Filter>Header Files</Filter>
    </ClInclude>
    <ClInclude Include="CCleanWorld.h">
      <Filter>Factories\CleanWorld</Filter>
    </ClInclude>
    <ClInclude Include="CNetworkForce.h">
      <Filter>Factories\NetworkForce</Filter>
    </ClInclude>
    <ClInclude Include="CPoolManagement.h">
      <Filter>Factories\Pool</Filter>
    </ClInclude>
    <ClInclude Include="jooat.h">
      <Filter>Header Files</Filter>
    </ClInclude>
    <ClInclude Include="CScrEngine.h">
      <Filter>Factories\ScrEngine</Filter>
    </ClInclude>
    <ClInclude Include="gta_vtables.h">
      <Filter>Header Files</Filter>
    </ClInclude>
    <ClInclude Include="atPool.h">
      <Filter>RAGE</Filter>
    </ClInclude>
    <ClInclude Include="GTA.h">
      <Filter>RAGE</Filter>
    </ClInclude>
    <ClInclude Include="CSyncManager.h">
      <Filter>Factories\SyncManager</Filter>
    </ClInclude>
    <ClInclude Include="pgCollection.h">
      <Filter>RAGE</Filter>
    </ClInclude>
    <ClInclude Include="ida.h">
      <Filter>Header Files</Filter>
    </ClInclude>
    <ClInclude Include="NodeHelper.h">
      <Filter>Helpers\Nodes</Filter>
    </ClInclude>
    <ClInclude Include="RlMessageBuffer.h">
      <Filter>Helpers</Filter>
    </ClInclude>
    <ClInclude Include="SyncTrees_Header.h">
      <Filter>Helpers</Filter>
    </ClInclude>
    <ClInclude Include="CSyncThread.h">
      <Filter>Header Files</Filter>
    </ClInclude>
    <ClInclude Include="CSocialClub.h">
      <Filter>CSocialClub</Filter>
    </ClInclude>
  </ItemGroup>
  <ItemGroup>
    <ClCompile Include="dllmain.cpp">
      <Filter>Source Files</Filter>
    </ClCompile>
    <ClCompile Include="CVGame.cpp">
      <Filter>Game</Filter>
    </ClCompile>
    <ClCompile Include="CBootstrap.cpp">
      <Filter>Game</Filter>
    </ClCompile>
    <ClCompile Include="IATHook.cpp">
      <Filter>Hooking</Filter>
    </ClCompile>
    <ClCompile Include="Hooking.cpp">
      <Filter>Hooking</Filter>
    </ClCompile>
    <ClCompile Include="Hooking.Patterns.cpp">
      <Filter>Hooking</Filter>
    </ClCompile>
    <ClCompile Include="CBaseFactory.cpp">
      <Filter>FactoryBase</Filter>
    </ClCompile>
    <ClCompile Include="CLevelLoader.cpp">
      <Filter>Factories\LevelLoader</Filter>
    </ClCompile>
    <ClCompile Include="CGameSkeleton.cpp">
      <Filter>Source Files</Filter>
    </ClCompile>
    <ClCompile Include="CGameFrame.cpp">
      <Filter>Factories\GameFrame</Filter>
    </ClCompile>
    <ClCompile Include="CRender.cpp">
      <Filter>Render</Filter>
    </ClCompile>
    <ClCompile Include="d3d11.cpp">
      <Filter>Render</Filter>
    </ClCompile>
    <ClCompile Include="d3d11hook.cpp">
      <Filter>Render\DirectX</Filter>
    </ClCompile>
    <ClCompile Include="HookFunction.cpp">
      <Filter>Hooking</Filter>
    </ClCompile>
    <ClCompile Include="CNativeInvoker.cpp">
      <Filter>Factories\NativeInvoker</Filter>
    </ClCompile>
    <ClCompile Include="CGtaThread.cpp">
      <Filter>Source Files</Filter>
    </ClCompile>
    <ClCompile Include="CCrossmap.cpp">
      <Filter>Source Files</Filter>
    </ClCompile>
    <ClCompile Include="CCleanWorld.cpp">
      <Filter>Factories\CleanWorld</Filter>
    </ClCompile>
    <ClCompile Include="CNetworkForce.cpp">
      <Filter>Factories\NetworkForce</Filter>
    </ClCompile>
    <ClCompile Include="CPoolManagement.cpp">
      <Filter>Factories\Pool</Filter>
    </ClCompile>
    <ClCompile Include="CScrEngine.cpp">
      <Filter>Factories\ScrEngine</Filter>
    </ClCompile>
    <ClCompile Include="CSyncManager.cpp">
      <Filter>Factories\SyncManager</Filter>
    </ClCompile>
    <ClCompile Include="NodeHelper.cpp">
      <Filter>Helpers\Nodes</Filter>
    </ClCompile>
    <ClCompile Include="CSyncThread.cpp">
      <Filter>Source Files</Filter>
    </ClCompile>
    <ClCompile Include="CSocialClub.cpp">
      <Filter>CSocialClub</Filter>
    </ClCompile>
  </ItemGroup>
  <ItemGroup>
    <None Include="cpp.hint" />
  </ItemGroup>
</Project>