
Microsoft Visual Studio Solution File, Format Version 12.00
# Visual Studio Version 17
VisualStudioVersion = 17.4.33213.308
MinimumVisualStudioVersion = 10.0.40219.1
Project("{8BC9CEB8-8B4A-11D0-8D11-00A0C91BC942}") = "ConsoleApplication1", "ConsoleApplication1.vcxproj", "{4CA5997E-62B4-4CD1-BC18-8EC4E0F85536}"
EndProject
Global
	GlobalSection(SolutionConfigurationPlatforms) = preSolution
		Debug|x64 = Debug|x64
		Debug|x86 = Debug|x86
		Release|x64 = Release|x64
		Release|x86 = Release|x86
	EndGlobalSection
	GlobalSection(ProjectConfigurationPlatforms) = postSolution
		{4CA5997E-62B4-4CD1-BC18-8EC4E0F85536}.Debug|x64.ActiveCfg = Debug|x64
		{4CA5997E-62B4-4CD1-BC18-8EC4E0F85536}.Debug|x64.Build.0 = Debug|x64
		{4CA5997E-62B4-4CD1-BC18-8EC4E0F85536}.Debug|x86.ActiveCfg = Debug|Win32
		{4CA5997E-62B4-4CD1-BC18-8EC4E0F85536}.Debug|x86.Build.0 = Debug|Win32
		{4CA5997E-62B4-4CD1-BC18-8EC4E0F85536}.Release|x64.ActiveCfg = Release|x64
		{4CA5997E-62B4-4CD1-BC18-8EC4E0F85536}.Release|x64.Build.0 = Release|x64
		{4CA5997E-62B4-4CD1-BC18-8EC4E0F85536}.Release|x86.ActiveCfg = Release|Win32
		{4CA5997E-62B4-4CD1-BC18-8EC4E0F85536}.Release|x86.Build.0 = Release|Win32
	EndGlobalSection
	GlobalSection(SolutionProperties) = preSolution
		HideSolutionNode = FALSE
	EndGlobalSection
	GlobalSection(ExtensibilityGlobals) = postSolution
		SolutionGuid = {7F26D048-EC11-4A3F-B642-8D507BFDA110}
	EndGlobalSection
EndGlobal
